{
  "nodes": {
    "brand": {
      "flake": false,
      "locked": {
        "lastModified": 1782600084,
        "narHash": "sha256-t75XtTYpVOiH0hqicSaeRFvnIMbL4pUpUHF/7wggq60=",
        "owner": "bounded-systems",
        "repo": "brand",
        "rev": "04b292c02e37d5dfc79fbc902e5b7be637a25962",
        "type": "github"
      },
      "original": {
        "owner": "bounded-systems",
        "repo": "brand",
        "type": "github"
      }
    },
    "nixpkgs": {
      "locked": {
        "lastModified": 1781577229,
        "narHash": "sha256-lrp67w8AulE9Ks53n27I45ADSzbOCn4H+CNW1Ck8B+8=",
        "owner": "NixOS",
        "repo": "nixpkgs",
        "rev": "567a49d1913ce81ac6e9582e3553dd90a955875f",
        "type": "github"
      },
      "original": {
        "owner": "NixOS",
        "ref": "nixos-unstable",
        "repo": "nixpkgs",
        "type": "github"
      }
    },
    "root": {
      "inputs": {
        "brand": "brand",
        "nixpkgs": "nixpkgs"
      }
    }
  },
  "root": "root",
  "version": 7
}
